
Microsoft Visual Studio Solution File, Format Version 12.00
# Visual Studio Version 16
VisualStudioVersion = 16.0.28917.181
MinimumVisualStudioVersion = 10.0.40219.1
Project("{9A19103F-16F7-4668-BE54-9A1E7A4F7556}") = "Pedreizor", "Pedreizor\Pedreizor.csproj", "{CF890C84-8D53-4596-A0ED-4E3E3CD99A16}"
EndProject
Project("{FAE04EC0-301F-11D3-BF4B-00C04F79EFBC}") = "PocApi", "PocApi\PocApi.csproj", "{B9B3F301-6BCC-4144-8109-FA1BED5D930C}"
EndProject
Global
	GlobalSection(SolutionConfigurationPlatforms) = preSolution
		Debug|Any CPU = Debug|Any CPU
		Release|Any CPU = Release|Any CPU
	EndGlobalSection
	GlobalSection(ProjectConfigurationPlatforms) = postSolution
		{CF890C84-8D53-4596-A0ED-4E3E3CD99A16}.Debug|Any CPU.ActiveCfg = Debug|Any CPU
		{CF890C84-8D53-4596-A0ED-4E3E3CD99A16}.Debug|Any CPU.Build.0 = Debug|Any CPU
		{CF890C84-8D53-4596-A0ED-4E3E3CD99A16}.Release|Any CPU.ActiveCfg = Release|Any CPU
		{CF890C84-8D53-4596-A0ED-4E3E3CD99A16}.Release|Any CPU.Build.0 = Release|Any CPU
		{B9B3F301-6BCC-4144-8109-FA1BED5D930C}.Debug|Any CPU.ActiveCfg = Debug|Any CPU
		{B9B3F301-6BCC-4144-8109-FA1BED5D930C}.Debug|Any CPU.Build.0 = Debug|Any CPU
		{B9B3F301-6BCC-4144-8109-FA1BED5D930C}.Release|Any CPU.ActiveCfg = Release|Any CPU
		{B9B3F301-6BCC-4144-8109-FA1BED5D930C}.Release|Any CPU.Build.0 = Release|Any CPU
	EndGlobalSection
	GlobalSection(SolutionProperties) = preSolution
		HideSolutionNode = FALSE
	EndGlobalSection
	GlobalSection(ExtensibilityGlobals) = postSolution
		SolutionGuid = {A53B44B3-1A74-4ED2-A3F3-DA418F8BF4A2}
	EndGlobalSection
EndGlobal
